
Microsoft Visual Studio Solution File, Format Version 12.00
# Visual Studio Version 16
VisualStudioVersion = 16.0.29806.167
MinimumVisualStudioVersion = 10.0.40219.1
Project("{9A19103F-16F7-4668-BE54-9A1E7A4F7556}") = "ASP.NET-Core-Fundementals", "ASP.NET-Core-Fundementals.csproj", "{FCDCF07A-E25F-4500-B661-00D7317CA7A1}"
EndProject
Project("{FAE04EC0-301F-11D3-BF4B-00C04F79EFBC}") = "Core", "..\Core\Core.csproj", "{79D442CA-7793-44EC-983D-93404B9808F9}"
EndProject
Project("{FAE04EC0-301F-11D3-BF4B-00C04F79EFBC}") = "Data", "..\Data\Data.csproj", "{169BE0F0-9410-4DC7-BF6F-00D954B3A732}"
EndProject
Global
	GlobalSection(SolutionConfigurationPlatforms) = preSolution
		Debug|Any CPU = Debug|Any CPU
		Release|Any CPU = Release|Any CPU
	EndGlobalSection
	GlobalSection(ProjectConfigurationPlatforms) = postSolution
		{FCDCF07A-E25F-4500-B661-00D7317CA7A1}.Debug|Any CPU.ActiveCfg = Debug|Any CPU
		{FCDCF07A-E25F-4500-B661-00D7317CA7A1}.Debug|Any CPU.Build.0 = Debug|Any CPU
		{FCDCF07A-E25F-4500-B661-00D7317CA7A1}.Release|Any CPU.ActiveCfg = Release|Any CPU
		{FCDCF07A-E25F-4500-B661-00D7317CA7A1}.Release|Any CPU.Build.0 = Release|Any CPU
		{79D442CA-7793-44EC-983D-93404B9808F9}.Debug|Any CPU.ActiveCfg = Debug|Any CPU
		{79D442CA-7793-44EC-983D-93404B9808F9}.Debug|Any CPU.Build.0 = Debug|Any CPU
		{79D442CA-7793-44EC-983D-93404B9808F9}.Release|Any CPU.ActiveCfg = Release|Any CPU
		{79D442CA-7793-44EC-983D-93404B9808F9}.Release|Any CPU.Build.0 = Release|Any CPU
		{169BE0F0-9410-4DC7-BF6F-00D954B3A732}.Debug|Any CPU.ActiveCfg = Debug|Any CPU
		{169BE0F0-9410-4DC7-BF6F-00D954B3A732}.Debug|Any CPU.Build.0 = Debug|Any CPU
		{169BE0F0-9410-4DC7-BF6F-00D954B3A732}.Release|Any CPU.ActiveCfg = Release|Any CPU
		{169BE0F0-9410-4DC7-BF6F-00D954B3A732}.Release|Any CPU.Build.0 = Release|Any CPU
	EndGlobalSection
	GlobalSection(SolutionProperties) = preSolution
		HideSolutionNode = FALSE
	EndGlobalSection
	GlobalSection(ExtensibilityGlobals) = postSolution
		SolutionGuid = {735B3CF6-ABED-42C1-82B8-C3686179817B}
	EndGlobalSection
EndGlobal
